
Microsoft Visual Studio Solution File, Format Version 12.00
# Visual Studio Version 17
VisualStudioVersion = 17.11.35312.102
MinimumVisualStudioVersion = 10.0.40219.1
Project("{FAE04EC0-301F-11D3-BF4B-00C04F79EFBC}") = "WaterChecker", "WaterChecker.csproj", "{83C8D39A-97B7-40B4-B8C4-4E2FB85BE236}"
EndProject
Global
	GlobalSection(SolutionConfigurationPlatforms) = preSolution
		Debug|Any CPU = Debug|Any CPU
		Release|Any CPU = Release|Any CPU
	EndGlobalSection
	GlobalSection(ProjectConfigurationPlatforms) = postSolution
		{83C8D39A-97B7-40B4-B8C4-4E2FB85BE236}.Debug|Any CPU.ActiveCfg = Debug|Any CPU
		{83C8D39A-97B7-40B4-B8C4-4E2FB85BE236}.Debug|Any CPU.Build.0 = Debug|Any CPU
		{83C8D39A-97B7-40B4-B8C4-4E2FB85BE236}.Debug|Any CPU.Deploy.0 = Debug|Any CPU
		{83C8D39A-97B7-40B4-B8C4-4E2FB85BE236}.Release|Any CPU.ActiveCfg = Release|Any CPU
		{83C8D39A-97B7-40B4-B8C4-4E2FB85BE236}.Release|Any CPU.Build.0 = Release|Any CPU
		{83C8D39A-97B7-40B4-B8C4-4E2FB85BE236}.Release|Any CPU.Deploy.0 = Release|Any CPU
	EndGlobalSection
	GlobalSection(SolutionProperties) = preSolution
		HideSolutionNode = FALSE
	EndGlobalSection
	GlobalSection(ExtensibilityGlobals) = postSolution
		SolutionGuid = {BA83A0A4-D59D-452E-B4A6-B25365EF0087}
	EndGlobalSection
EndGlobal
